// !$*UTF8*$!
{
	archiveVersion = 1;
	classes = {
	};
	objectVersion = 46;
	objects = {

/* Begin PBXBuildFile section */
		020C303A1A4783E700A43A8E /* main.m in Sources */ = {isa = PBXBuildFile; fileRef = 020C30391A4783E700A43A8E /* main.m */; };
		020C303D1A4783E700A43A8E /* AppDelegate.m in Sources */ = {isa = PBXBuildFile; fileRef = 020C303C1A4783E700A43A8E /* AppDelegate.m */; };
		020C30401A4783E700A43A8E /* MeetAndWalk.xcdatamodeld in Sources */ = {isa = PBXBuildFile; fileRef = 020C303E1A4783E700A43A8E /* MeetAndWalk.xcdatamodeld */; };
		020C30461A4783E700A43A8E /* DetailViewController.m in Sources */ = {isa = PBXBuildFile; fileRef = 020C30451A4783E700A43A8E /* DetailViewController.m */; };
		020C30491A4783E700A43A8E /* Main.storyboard in Resources */ = {isa = PBXBuildFile; fileRef = 020C30471A4783E700A43A8E /* Main.storyboard */; };
		020C304B1A4783E700A43A8E /* Images.xcassets in Resources */ = {isa = PBXBuildFile; fileRef = 020C304A1A4783E700A43A8E /* Images.xcassets */; };
		020C304E1A4783E700A43A8E /* LaunchScreen.xib in Resources */ = {isa = PBXBuildFile; fileRef = 020C304C1A4783E700A43A8E /* LaunchScreen.xib */; };
		020C305A1A4783E700A43A8E /* MeetAndWalkTests.m in Sources */ = {isa = PBXBuildFile; fileRef = 020C30591A4783E700A43A8E /* MeetAndWalkTests.m */; };
		020C30651A47886100A43A8E /* Run.m in Sources */ = {isa = PBXBuildFile; fileRef = 020C30641A47886100A43A8E /* Run.m */; };
		020C30681A47886200A43A8E /* Location.m in Sources */ = {isa = PBXBuildFile; fileRef = 020C30671A47886200A43A8E /* Location.m */; };
		020C306A1A4788D100A43A8E /* MapKit.framework in Frameworks */ = {isa = PBXBuildFile; fileRef = 020C30691A4788D100A43A8E /* MapKit.framework */; };
		020C306C1A478DBB00A43A8E /* CoreData.framework in Frameworks */ = {isa = PBXBuildFile; fileRef = 020C306B1A478DBB00A43A8E /* CoreData.framework */; };
		020C30701A49327000A43A8E /* HomeViewController.m in Sources */ = {isa = PBXBuildFile; fileRef = 020C306F1A49327000A43A8E /* HomeViewController.m */; };
		020C30731A49339C00A43A8E /* NewRunViewController.m in Sources */ = {isa = PBXBuildFile; fileRef = 020C30721A49339C00A43A8E /* NewRunViewController.m */; };
		020C30AE1A53422100A43A8E /* MathController.m in Sources */ = {isa = PBXBuildFile; fileRef = 020C30AD1A53422100A43A8E /* MathController.m */; };
/* End PBXBuildFile section */

/* Begin PBXContainerItemProxy section */
		020C30541A4783E700A43A8E /* PBXContainerItemProxy */ = {
			isa = PBXContainerItemProxy;
			containerPortal = 020C302C1A4783E700A43A8E /* Project object */;
			proxyType = 1;
			remoteGlobalIDString = 020C30331A4783E700A43A8E;
			remoteInfo = MeetAndWalk;
		};
/* End PBXContainerItemProxy section */

/* Begin PBXFileReference section */
		020C30341A4783E700A43A8E /* WalkWithFriends.app */ = {isa = PBXFileReference; explicitFileType = wrapper.application; includeInIndex = 0; path = WalkWithFriends.app; sourceTree = BUILT_PRODUCTS_DIR; };
		020C30381A4783E700A43A8E /* Info.plist */ = {isa = PBXFileReference; lastKnownFileType = text.plist.xml; path = Info.plist; sourceTree = "<group>"; };
		020C30391A4783E700A43A8E /* main.m */ = {isa = PBXFileReference; lastKnownFileType = sourcecode.c.objc; path = main.m; sourceTree = "<group>"; };
		020C303B1A4783E700A43A8E /* AppDelegate.h */ = {isa = PBXFileReference; lastKnownFileType = sourcecode.c.h; path = AppDelegate.h; sourceTree = "<group>"; };
		020C303C1A4783E700A43A8E /* AppDelegate.m */ = {isa = PBXFileReference; lastKnownFileType = sourcecode.c.objc; path = AppDelegate.m; sourceTree = "<group>"; };
		020C303F1A4783E700A43A8E /* MeetAndWalk.xcdatamodel */ = {isa = PBXFileReference; lastKnownFileType = wrapper.xcdatamodel; path = MeetAndWalk.xcdatamodel; sourceTree = "<group>"; };
		020C30441A4783E700A43A8E /* DetailViewController.h */ = {isa = PBXFileReference; lastKnownFileType = sourcecode.c.h; path = DetailViewController.h; sourceTree = "<group>"; };
		020C30451A4783E700A43A8E /* DetailViewController.m */ = {isa = PBXFileReference; lastKnownFileType = sourcecode.c.objc; path = DetailViewController.m; sourceTree = "<group>"; };
		020C30481A4783E700A43A8E /* Base */ = {isa = PBXFileReference; lastKnownFileType = file.storyboard; name = Base; path = Base.lproj/Main.storyboard; sourceTree = "<group>"; };
		020C304A1A4783E700A43A8E /* Images.xcassets */ = {isa = PBXFileReference; lastKnownFileType = folder.assetcatalog; path = Images.xcassets; sourceTree = "<group>"; };
		020C304D1A4783E700A43A8E /* Base */ = {isa = PBXFileReference; lastKnownFileType = file.xib; name = Base; path = Base.lproj/LaunchScreen.xib; sourceTree = "<group>"; };
		020C30531A4783E700A43A8E /* MeetAndWalkTests.xctest */ = {isa = PBXFileReference; explicitFileType = wrapper.cfbundle; includeInIndex = 0; name = MeetAndWalkTests.xctest; path = WalkWithFriendsTests.xctest; sourceTree = BUILT_PRODUCTS_DIR; };
		020C30581A4783E700A43A8E /* Info.plist */ = {isa = PBXFileReference; lastKnownFileType = text.plist.xml; path = Info.plist; sourceTree = "<group>"; };
		020C30591A4783E700A43A8E /* MeetAndWalkTests.m */ = {isa = PBXFileReference; lastKnownFileType = sourcecode.c.objc; path = MeetAndWalkTests.m; sourceTree = "<group>"; };
		020C30631A47886100A43A8E /* Run.h */ = {isa = PBXFileReference; fileEncoding = 4; lastKnownFileType = sourcecode.c.h; name = Run.h; path = model/Run.h; sourceTree = "<group>"; };
		020C30641A47886100A43A8E /* Run.m */ = {isa = PBXFileReference; fileEncoding = 4; lastKnownFileType = sourcecode.c.objc; name = Run.m; path = model/Run.m; sourceTree = "<group>"; };
		020C30661A47886200A43A8E /* Location.h */ = {isa = PBXFileReference; fileEncoding = 4; lastKnownFileType = sourcecode.c.h; name = Location.h; path = model/Location.h; sourceTree = "<group>"; };
		020C30671A47886200A43A8E /* Location.m */ = {isa = PBXFileReference; fileEncoding = 4; lastKnownFileType = sourcecode.c.objc; name = Location.m; path = model/Location.m; sourceTree = "<group>"; };
		020C30691A4788D100A43A8E /* MapKit.framework */ = {isa = PBXFileReference; lastKnownFileType = wrapper.framework; name = MapKit.framework; path = System/Library/Frameworks/MapKit.framework; sourceTree = SDKROOT; };
		020C306B1A478DBB00A43A8E /* CoreData.framework */ = {isa = PBXFileReference; lastKnownFileType = wrapper.framework; name = CoreData.framework; path = System/Library/Frameworks/CoreData.framework; sourceTree = SDKROOT; };
		020C306E1A49327000A43A8E /* HomeViewController.h */ = {isa = PBXFileReference; fileEncoding = 4; lastKnownFileType = sourcecode.c.h; name = HomeViewController.h; path = controllers/HomeViewController.h; sourceTree = "<group>"; };
		020C306F1A49327000A43A8E /* HomeViewController.m */ = {isa = PBXFileReference; fileEncoding = 4; lastKnownFileType = sourcecode.c.objc; name = HomeViewController.m; path = controllers/HomeViewController.m; sourceTree = "<group>"; };
		020C30711A49339C00A43A8E /* NewRunViewController.h */ = {isa = PBXFileReference; fileEncoding = 4; lastKnownFileType = sourcecode.c.h; name = NewRunViewController.h; path = controllers/NewRunViewController.h; sourceTree = "<group>"; };
		020C30721A49339C00A43A8E /* NewRunViewController.m */ = {isa = PBXFileReference; fileEncoding = 4; lastKnownFileType = sourcecode.c.objc; name = NewRunViewController.m; path = controllers/NewRunViewController.m; sourceTree = "<group>"; };
		020C30AC1A53422100A43A8E /* MathController.h */ = {isa = PBXFileReference; fileEncoding = 4; lastKnownFileType = sourcecode.c.h; name = MathController.h; path = controllers/MathController.h; sourceTree = "<group>"; };
		020C30AD1A53422100A43A8E /* MathController.m */ = {isa = PBXFileReference; fileEncoding = 4; lastKnownFileType = sourcecode.c.objc; name = MathController.m; path = controllers/MathController.m; sourceTree = "<group>"; };
/* End PBXFileReference section */

/* Begin PBXFrameworksBuildPhase section */
		020C30311A4783E700A43A8E /* Frameworks */ = {
			isa = PBXFrameworksBuildPhase;
			buildActionMask = 2147483647;
			files = (
				020C306C1A478DBB00A43A8E /* CoreData.framework in Frameworks */,
				020C306A1A4788D100A43A8E /* MapKit.framework in Frameworks */,
			);
			runOnlyForDeploymentPostprocessing = 0;
		};
		020C30501A4783E700A43A8E /* Frameworks */ = {
			isa = PBXFrameworksBuildPhase;
			buildActionMask = 2147483647;
			files = (
			);
			runOnlyForDeploymentPostprocessing = 0;
		};
/* End PBXFrameworksBuildPhase section */

/* Begin PBXGroup section */
		020C302B1A4783E700A43A8E = {
			isa = PBXGroup;
			children = (
				020C306B1A478DBB00A43A8E /* CoreData.framework */,
				020C30691A4788D100A43A8E /* MapKit.framework */,
				020C30361A4783E700A43A8E /* WalkWithFriends */,
				020C30561A4783E700A43A8E /* WalkWithFriendsTests */,
				020C30351A4783E700A43A8E /* Products */,
			);
			sourceTree = "<group>";
		};
		020C30351A4783E700A43A8E /* Products */ = {
			isa = PBXGroup;
			children = (
				020C30341A4783E700A43A8E /* WalkWithFriends.app */,
				020C30531A4783E700A43A8E /* MeetAndWalkTests.xctest */,
			);
			name = Products;
			sourceTree = "<group>";
		};
		020C30361A4783E700A43A8E /* WalkWithFriends */ = {
			isa = PBXGroup;
			children = (
				020C30741A4933BA00A43A8E /* controllers */,
				020C306D1A492B5200A43A8E /* model */,
				020C303B1A4783E700A43A8E /* AppDelegate.h */,
				020C303C1A4783E700A43A8E /* AppDelegate.m */,
				020C30471A4783E700A43A8E /* Main.storyboard */,
				020C304A1A4783E700A43A8E /* Images.xcassets */,
				020C304C1A4783E700A43A8E /* LaunchScreen.xib */,
				020C303E1A4783E700A43A8E /* MeetAndWalk.xcdatamodeld */,
				020C30371A4783E700A43A8E /* Supporting Files */,
			);
			name = WalkWithFriends;
			path = MeetAndWalk;
			sourceTree = "<group>";
		};
		020C30371A4783E700A43A8E /* Supporting Files */ = {
			isa = PBXGroup;
			children = (
				020C30381A4783E700A43A8E /* Info.plist */,
				020C30391A4783E700A43A8E /* main.m */,
			);
			name = "Supporting Files";
			sourceTree = "<group>";
		};
		020C30561A4783E700A43A8E /* WalkWithFriendsTests */ = {
			isa = PBXGroup;
			children = (
				020C30591A4783E700A43A8E /* MeetAndWalkTests.m */,
				020C30571A4783E700A43A8E /* Supporting Files */,
			);
			name = WalkWithFriendsTests;
			path = MeetAndWalkTests;
			sourceTree = "<group>";
		};
		020C30571A4783E700A43A8E /* Supporting Files */ = {
			isa = PBXGroup;
			children = (
				020C30581A4783E700A43A8E /* Info.plist */,
			);
			name = "Supporting Files";
			sourceTree = "<group>";
		};
		020C306D1A492B5200A43A8E /* model */ = {
			isa = PBXGroup;
			children = (
				020C30661A47886200A43A8E /* Location.h */,
				020C30671A47886200A43A8E /* Location.m */,
				020C30631A47886100A43A8E /* Run.h */,
				020C30641A47886100A43A8E /* Run.m */,
			);
			name = model;
			sourceTree = "<group>";
		};
		020C30741A4933BA00A43A8E /* controllers */ = {
			isa = PBXGroup;
			children = (
				020C30441A4783E700A43A8E /* DetailViewController.h */,
				020C30451A4783E700A43A8E /* DetailViewController.m */,
				020C306E1A49327000A43A8E /* HomeViewController.h */,
				020C306F1A49327000A43A8E /* HomeViewController.m */,
				020C30711A49339C00A43A8E /* NewRunViewController.h */,
				020C30721A49339C00A43A8E /* NewRunViewController.m */,
				020C30AC1A53422100A43A8E /* MathController.h */,
				020C30AD1A53422100A43A8E /* MathController.m */,
			);
			name = controllers;
			sourceTree = "<group>";
		};
/* End PBXGroup section */

/* Begin PBXNativeTarget section */
		020C30331A4783E700A43A8E /* WalkWithFriends */ = {
			isa = PBXNativeTarget;
			buildConfigurationList = 020C305D1A4783E700A43A8E /* Build configuration list for PBXNativeTarget "WalkWithFriends" */;
			buildPhases = (
				020C30301A4783E700A43A8E /* Sources */,
				020C30311A4783E700A43A8E /* Frameworks */,
				020C30321A4783E700A43A8E /* Resources */,
			);
			buildRules = (
			);
			dependencies = (
			);
			name = WalkWithFriends;
			productName = MeetAndWalk;
			productReference = 020C30341A4783E700A43A8E /* WalkWithFriends.app */;
			productType = "com.apple.product-type.application";
		};
		020C30521A4783E700A43A8E /* WalkWithFriendsTests */ = {
			isa = PBXNativeTarget;
			buildConfigurationList = 020C30601A4783E700A43A8E /* Build configuration list for PBXNativeTarget "WalkWithFriendsTests" */;
			buildPhases = (
				020C304F1A4783E700A43A8E /* Sources */,
				020C30501A4783E700A43A8E /* Frameworks */,
				020C30511A4783E700A43A8E /* Resources */,
			);
			buildRules = (
			);
			dependencies = (
				020C30551A4783E700A43A8E /* PBXTargetDependency */,
			);
			name = WalkWithFriendsTests;
			productName = MeetAndWalkTests;
			productReference = 020C30531A4783E700A43A8E /* MeetAndWalkTests.xctest */;
			productType = "com.apple.product-type.bundle.unit-test";
		};
/* End PBXNativeTarget section */

/* Begin PBXProject section */
		020C302C1A4783E700A43A8E /* Project object */ = {
			isa = PBXProject;
			attributes = {
				LastUpgradeCheck = 0610;
				ORGANIZATIONNAME = jsrmobile;
				TargetAttributes = {
					020C30331A4783E700A43A8E = {
						CreatedOnToolsVersion = 6.1.1;
						SystemCapabilities = {
							com.apple.BackgroundModes = {
								enabled = 1;
							};
						};
					};
					020C30521A4783E700A43A8E = {
						CreatedOnToolsVersion = 6.1.1;
						TestTargetID = 020C30331A4783E700A43A8E;
					};
				};
			};
			buildConfigurationList = 020C302F1A4783E700A43A8E /* Build configuration list for PBXProject "WalkWithFriends" */;
			compatibilityVersion = "Xcode 3.2";
			developmentRegion = English;
			hasScannedForEncodings = 0;
			knownRegions = (
				en,
				Base,
			);
			mainGroup = 020C302B1A4783E700A43A8E;
			productRefGroup = 020C30351A4783E700A43A8E /* Products */;
			projectDirPath = "";
			projectRoot = "";
			targets = (
				020C30331A4783E700A43A8E /* WalkWithFriends */,
				020C30521A4783E700A43A8E /* WalkWithFriendsTests */,
			);
		};
/* End PBXProject section */

/* Begin PBXResourcesBuildPhase section */
		020C30321A4783E700A43A8E /* Resources */ = {
			isa = PBXResourcesBuildPhase;
			buildActionMask = 2147483647;
			files = (
				020C30491A4783E700A43A8E /* Main.storyboard in Resources */,
				020C304E1A4783E700A43A8E /* LaunchScreen.xib in Resources */,
				020C304B1A4783E700A43A8E /* Images.xcassets in Resources */,
			);
			runOnlyForDeploymentPostprocessing = 0;
		};
		020C30511A4783E700A43A8E /* Resources */ = {
			isa = PBXResourcesBuildPhase;
			buildActionMask = 2147483647;
			files = (
			);
			runOnlyForDeploymentPostprocessing = 0;
		};
/* End PBXResourcesBuildPhase section */

/* Begin PBXSourcesBuildPhase section */
		020C30301A4783E700A43A8E /* Sources */ = {
			isa = PBXSourcesBuildPhase;
			buildActionMask = 2147483647;
			files = (
				020C30701A49327000A43A8E /* HomeViewController.m in Sources */,
				020C30461A4783E700A43A8E /* DetailViewController.m in Sources */,
				020C30AE1A53422100A43A8E /* MathController.m in Sources */,
				020C30681A47886200A43A8E /* Location.m in Sources */,
				020C303D1A4783E700A43A8E /* AppDelegate.m in Sources */,
				020C30651A47886100A43A8E /* Run.m in Sources */,
				020C30401A4783E700A43A8E /* MeetAndWalk.xcdatamodeld in Sources */,
				020C303A1A4783E700A43A8E /* main.m in Sources */,
				020C30731A49339C00A43A8E /* NewRunViewController.m in Sources */,
			);
			runOnlyForDeploymentPostprocessing = 0;
		};
		020C304F1A4783E700A43A8E /* Sources */ = {
			isa = PBXSourcesBuildPhase;
			buildActionMask = 2147483647;
			files = (
				020C305A1A4783E700A43A8E /* MeetAndWalkTests.m in Sources */,
			);
			runOnlyForDeploymentPostprocessing = 0;
		};
/* End PBXSourcesBuildPhase section */

/* Begin PBXTargetDependency section */
		020C30551A4783E700A43A8E /* PBXTargetDependency */ = {
			isa = PBXTargetDependency;
			target = 020C30331A4783E700A43A8E /* WalkWithFriends */;
			targetProxy = 020C30541A4783E700A43A8E /* PBXContainerItemProxy */;
		};
/* End PBXTargetDependency section */

/* Begin PBXVariantGroup section */
		020C30471A4783E700A43A8E /* Main.storyboard */ = {
			isa = PBXVariantGroup;
			children = (
				020C30481A4783E700A43A8E /* Base */,
			);
			name = Main.storyboard;
			sourceTree = "<group>";
		};
		020C304C1A4783E700A43A8E /* LaunchScreen.xib */ = {
			isa = PBXVariantGroup;
			children = (
				020C304D1A4783E700A43A8E /* Base */,
			);
			name = LaunchScreen.xib;
			sourceTree = "<group>";
		};
/* End PBXVariantGroup section */

/* Begin XCBuildConfiguration section */
		020C305B1A4783E700A43A8E /* Debug */ = {
			isa = XCBuildConfiguration;
			buildSettings = {
				ALWAYS_SEARCH_USER_PATHS = NO;
				CLANG_CXX_LANGUAGE_STANDARD = "gnu++0x";
				CLANG_CXX_LIBRARY = "libc++";
				CLANG_ENABLE_MODULES = YES;
				CLANG_ENABLE_OBJC_ARC = YES;
				CLANG_WARN_BOOL_CONVERSION = YES;
				CLANG_WARN_CONSTANT_CONVERSION = YES;
				CLANG_WARN_DIRECT_OBJC_ISA_USAGE = YES_ERROR;
				CLANG_WARN_EMPTY_BODY = YES;
				CLANG_WARN_ENUM_CONVERSION = YES;
				CLANG_WARN_INT_CONVERSION = YES;
				CLANG_WARN_OBJC_ROOT_CLASS = YES_ERROR;
				CLANG_WARN_UNREACHABLE_CODE = YES;
				CLANG_WARN__DUPLICATE_METHOD_MATCH = YES;
				"CODE_SIGN_IDENTITY[sdk=iphoneos*]" = "iPhone Developer";
				COPY_PHASE_STRIP = NO;
				ENABLE_STRICT_OBJC_MSGSEND = YES;
				GCC_C_LANGUAGE_STANDARD = gnu99;
				GCC_DYNAMIC_NO_PIC = NO;
				GCC_OPTIMIZATION_LEVEL = 0;
				GCC_PREPROCESSOR_DEFINITIONS = (
					"DEBUG=1",
					"$(inherited)",
				);
				GCC_SYMBOLS_PRIVATE_EXTERN = NO;
				GCC_WARN_64_TO_32_BIT_CONVERSION = YES;
				GCC_WARN_ABOUT_RETURN_TYPE = YES_ERROR;
				GCC_WARN_UNDECLARED_SELECTOR = YES;
				GCC_WARN_UNINITIALIZED_AUTOS = YES_AGGRESSIVE;
				GCC_WARN_UNUSED_FUNCTION = YES;
				GCC_WARN_UNUSED_VARIABLE = YES;
				IPHONEOS_DEPLOYMENT_TARGET = 8.1;
				MTL_ENABLE_DEBUG_INFO = YES;
				ONLY_ACTIVE_ARCH = YES;
				SDKROOT = iphoneos;
			};
			name = Debug;
		};
		020C305C1A4783E700A43A8E /* Release */ = {
			isa = XCBuildConfiguration;
			buildSettings = {
				ALWAYS_SEARCH_USER_PATHS = NO;
				CLANG_CXX_LANGUAGE_STANDARD = "gnu++0x";
				CLANG_CXX_LIBRARY = "libc++";
				CLANG_ENABLE_MODULES = YES;
				CLANG_ENABLE_OBJC_ARC = YES;
				CLANG_WARN_BOOL_CONVERSION = YES;
				CLANG_WARN_CONSTANT_CONVERSION = YES;
				CLANG_WARN_DIRECT_OBJC_ISA_USAGE = YES_ERROR;
				CLANG_WARN_EMPTY_BODY = YES;
				CLANG_WARN_ENUM_CONVERSION = YES;
				CLANG_WARN_INT_CONVERSION = YES;
				CLANG_WARN_OBJC_ROOT_CLASS = YES_ERROR;
				CLANG_WARN_UNREACHABLE_CODE = YES;
				CLANG_WARN__DUPLICATE_METHOD_MATCH = YES;
				"CODE_SIGN_IDENTITY[sdk=iphoneos*]" = "iPhone Developer";
				COPY_PHASE_STRIP = YES;
				ENABLE_NS_ASSERTIONS = NO;
				ENABLE_STRICT_OBJC_MSGSEND = YES;
				GCC_C_LANGUAGE_STANDARD = gnu99;
				GCC_WARN_64_TO_32_BIT_CONVERSION = YES;
				GCC_WARN_ABOUT_RETURN_TYPE = YES_ERROR;
				GCC_WARN_UNDECLARED_SELECTOR = YES;
				GCC_WARN_UNINITIALIZED_AUTOS = YES_AGGRESSIVE;
				GCC_WARN_UNUSED_FUNCTION = YES;
				GCC_WARN_UNUSED_VARIABLE = YES;
				IPHONEOS_DEPLOYMENT_TARGET = 8.1;
				MTL_ENABLE_DEBUG_INFO = NO;
				SDKROOT = iphoneos;
				VALIDATE_PRODUCT = YES;
			};
			name = Release;
		};
		020C305E1A4783E700A43A8E /* Debug */ = {
			isa = XCBuildConfiguration;
			buildSettings = {
				ASSETCATALOG_COMPILER_APPICON_NAME = AppIcon;
				INFOPLIST_FILE = MeetAndWalk/Info.plist;
				LD_RUNPATH_SEARCH_PATHS = "$(inherited) @executable_path/Frameworks";
				PRODUCT_NAME = "$(TARGET_NAME)";
				TARGETED_DEVICE_FAMILY = 1;
			};
			name = Debug;
		};
		020C305F1A4783E700A43A8E /* Release */ = {
			isa = XCBuildConfiguration;
			buildSettings = {
				ASSETCATALOG_COMPILER_APPICON_NAME = AppIcon;
				INFOPLIST_FILE = MeetAndWalk/Info.plist;
				LD_RUNPATH_SEARCH_PATHS = "$(inherited) @executable_path/Frameworks";
				PRODUCT_NAME = "$(TARGET_NAME)";
				TARGETED_DEVICE_FAMILY = 1;
			};
			name = Release;
		};
		020C30611A4783E700A43A8E /* Debug */ = {
			isa = XCBuildConfiguration;
			buildSettings = {
				BUNDLE_LOADER = "$(TEST_HOST)";
				FRAMEWORK_SEARCH_PATHS = (
					"$(SDKROOT)/Developer/Library/Frameworks",
					"$(inherited)",
				);
				GCC_PREPROCESSOR_DEFINITIONS = (
					"DEBUG=1",
					"$(inherited)",
				);
				INFOPLIST_FILE = MeetAndWalkTests/Info.plist;
				LD_RUNPATH_SEARCH_PATHS = "$(inherited) @executable_path/Frameworks @loader_path/Frameworks";
				PRODUCT_NAME = "$(TARGET_NAME)";
				TEST_HOST = "$(BUILT_PRODUCTS_DIR)/MeetAndWalk.app/MeetAndWalk";
			};
			name = Debug;
		};
		020C30621A4783E700A43A8E /* Release */ = {
			isa = XCBuildConfiguration;
			buildSettings = {
				BUNDLE_LOADER = "$(TEST_HOST)";
				FRAMEWORK_SEARCH_PATHS = (
					"$(SDKROOT)/Developer/Library/Frameworks",
					"$(inherited)",
				);
				INFOPLIST_FILE = MeetAndWalkTests/Info.plist;
				LD_RUNPATH_SEARCH_PATHS = "$(inherited) @executable_path/Frameworks @loader_path/Frameworks";
				PRODUCT_NAME = "$(TARGET_NAME)";
				TEST_HOST = "$(BUILT_PRODUCTS_DIR)/MeetAndWalk.app/MeetAndWalk";
			};
			name = Release;
		};
/* End XCBuildConfiguration section */

/* Begin XCConfigurationList section */
		020C302F1A4783E700A43A8E /* Build configuration list for PBXProject "WalkWithFriends" */ = {
			isa = XCConfigurationList;
			buildConfigurations = (
				020C305B1A4783E700A43A8E /* Debug */,
				020C305C1A4783E700A43A8E /* Release */,
			);
			defaultConfigurationIsVisible = 0;
			defaultConfigurationName = Release;
		};
		020C305D1A4783E700A43A8E /* Build configuration list for PBXNativeTarget "WalkWithFriends" */ = {
			isa = XCConfigurationList;
			buildConfigurations = (
				020C305E1A4783E700A43A8E /* Debug */,
				020C305F1A4783E700A43A8E /* Release */,
			);
			defaultConfigurationIsVisible = 0;
			defaultConfigurationName = Release;
		};
		020C30601A4783E700A43A8E /* Build configuration list for PBXNativeTarget "WalkWithFriendsTests" */ = {
			isa = XCConfigurationList;
			buildConfigurations = (
				020C30611A4783E700A43A8E /* Debug */,
				020C30621A4783E700A43A8E /* Release */,
			);
			defaultConfigurationIsVisible = 0;
			defaultConfigurationName = Release;
		};
/* End XCConfigurationList section */

/* Begin XCVersionGroup section */
		020C303E1A4783E700A43A8E /* MeetAndWalk.xcdatamodeld */ = {
			isa = XCVersionGroup;
			children = (
				020C303F1A4783E700A43A8E /* MeetAndWalk.xcdatamodel */,
			);
			currentVersion = 020C303F1A4783E700A43A8E /* MeetAndWalk.xcdatamodel */;
			path = MeetAndWalk.xcdatamodeld;
			sourceTree = "<group>";
			versionGroupType = wrapper.xcdatamodel;
		};
/* End XCVersionGroup section */
	};
	rootObject = 020C302C1A4783E700A43A8E /* Project object */;
}
